
Microsoft Visual Studio Solution File, Format Version 12.00
# Visual Studio Version 16
VisualStudioVersion = 16.0.30128.74
MinimumVisualStudioVersion = 10.0.40219.1
Project("{F184B08F-C81C-45F6-A57F-5ABD9991F28F}") = "Crytophasia", "Crytophasia\Crytophasia.vbproj", "{A722DC09-4157-4509-B6EB-3E6CAF13EE30}"
EndProject
Global
	GlobalSection(SolutionConfigurationPlatforms) = preSolution
		Debug|Any CPU = Debug|Any CPU
		Release|Any CPU = Release|Any CPU
	EndGlobalSection
	GlobalSection(ProjectConfigurationPlatforms) = postSolution
		{A722DC09-4157-4509-B6EB-3E6CAF13EE30}.Debug|Any CPU.ActiveCfg = Debug|Any CPU
		{A722DC09-4157-4509-B6EB-3E6CAF13EE30}.Debug|Any CPU.Build.0 = Debug|Any CPU
		{A722DC09-4157-4509-B6EB-3E6CAF13EE30}.Release|Any CPU.ActiveCfg = Release|Any CPU
		{A722DC09-4157-4509-B6EB-3E6CAF13EE30}.Release|Any CPU.Build.0 = Release|Any CPU
	EndGlobalSection
	GlobalSection(SolutionProperties) = preSolution
		HideSolutionNode = FALSE
	EndGlobalSection
	GlobalSection(ExtensibilityGlobals) = postSolution
		SolutionGuid = {A3097EF6-629E-4F28-8CE4-A5F81BFF56E7}
	EndGlobalSection
EndGlobal
